// !$*UTF8*$!
{
	archiveVersion = 1;
	classes = {
	};
	objectVersion = 50;
	objects = {

/* Begin PBXBuildFile section */
		925E659923CDE7290093792E /* MainCellEntity.swift in Sources */ = {isa = PBXBuildFile; fileRef = 925E659823CDE7290093792E /* MainCellEntity.swift */; };
		925E65C623CEEC860093792E /* WaitingSubview.swift in Sources */ = {isa = PBXBuildFile; fileRef = 925E65C523CEEC860093792E /* WaitingSubview.swift */; };
		925E65C823CF2B040093792E /* AddCellEntity.swift in Sources */ = {isa = PBXBuildFile; fileRef = 925E65C723CF2B040093792E /* AddCellEntity.swift */; };
		92CE800623C735C4004E4ED9 /* AppDelegate.swift in Sources */ = {isa = PBXBuildFile; fileRef = 92CE800523C735C4004E4ED9 /* AppDelegate.swift */; };
		92CE800823C735C4004E4ED9 /* SceneDelegate.swift in Sources */ = {isa = PBXBuildFile; fileRef = 92CE800723C735C4004E4ED9 /* SceneDelegate.swift */; };
		92CE800D23C735C4004E4ED9 /* Main.storyboard in Resources */ = {isa = PBXBuildFile; fileRef = 92CE800B23C735C4004E4ED9 /* Main.storyboard */; };
		92CE800F23C735C5004E4ED9 /* Assets.xcassets in Resources */ = {isa = PBXBuildFile; fileRef = 92CE800E23C735C5004E4ED9 /* Assets.xcassets */; };
		92CE801223C735C5004E4ED9 /* LaunchScreen.storyboard in Resources */ = {isa = PBXBuildFile; fileRef = 92CE801023C735C5004E4ED9 /* LaunchScreen.storyboard */; };
		92CE801F23C73845004E4ED9 /* MainViewController.swift in Sources */ = {isa = PBXBuildFile; fileRef = 92CE801E23C73845004E4ED9 /* MainViewController.swift */; };
		92CE802123C73866004E4ED9 /* PresenterMain.swift in Sources */ = {isa = PBXBuildFile; fileRef = 92CE802023C73866004E4ED9 /* PresenterMain.swift */; };
		92CE802623C73B91004E4ED9 /* NumberEntity.swift in Sources */ = {isa = PBXBuildFile; fileRef = 92CE802523C73B91004E4ED9 /* NumberEntity.swift */; };
		92CE802823C73CB6004E4ED9 /* BaseCell.swift in Sources */ = {isa = PBXBuildFile; fileRef = 92CE802723C73CB6004E4ED9 /* BaseCell.swift */; };
		92CE802B23C73D95004E4ED9 /* MainCell.swift in Sources */ = {isa = PBXBuildFile; fileRef = 92CE802923C73D95004E4ED9 /* MainCell.swift */; };
		92CE802C23C73D95004E4ED9 /* MainCell.xib in Resources */ = {isa = PBXBuildFile; fileRef = 92CE802A23C73D95004E4ED9 /* MainCell.xib */; };
		92CE802F23C73DA1004E4ED9 /* AddCell.swift in Sources */ = {isa = PBXBuildFile; fileRef = 92CE802D23C73DA1004E4ED9 /* AddCell.swift */; };
		92CE803023C73DA1004E4ED9 /* AddCell.xib in Resources */ = {isa = PBXBuildFile; fileRef = 92CE802E23C73DA1004E4ED9 /* AddCell.xib */; };
		92CE803223C74E23004E4ED9 /* BaseCellEntity.swift in Sources */ = {isa = PBXBuildFile; fileRef = 92CE803123C74E23004E4ED9 /* BaseCellEntity.swift */; };
		92EB292123CC58AB000CD7A8 /* RequestManager.swift in Sources */ = {isa = PBXBuildFile; fileRef = 92EB292023CC58AB000CD7A8 /* RequestManager.swift */; };
/* End PBXBuildFile section */

/* Begin PBXFileReference section */
		925E659823CDE7290093792E /* MainCellEntity.swift */ = {isa = PBXFileReference; lastKnownFileType = sourcecode.swift; path = MainCellEntity.swift; sourceTree = "<group>"; };
		925E65C523CEEC860093792E /* WaitingSubview.swift */ = {isa = PBXFileReference; lastKnownFileType = sourcecode.swift; path = WaitingSubview.swift; sourceTree = "<group>"; };
		925E65C723CF2B040093792E /* AddCellEntity.swift */ = {isa = PBXFileReference; lastKnownFileType = sourcecode.swift; path = AddCellEntity.swift; sourceTree = "<group>"; };
		92CE800223C735C4004E4ED9 /* CollectionAppAndersen.app */ = {isa = PBXFileReference; explicitFileType = wrapper.application; includeInIndex = 0; path = CollectionAppAndersen.app; sourceTree = BUILT_PRODUCTS_DIR; };
		92CE800523C735C4004E4ED9 /* AppDelegate.swift */ = {isa = PBXFileReference; lastKnownFileType = sourcecode.swift; path = AppDelegate.swift; sourceTree = "<group>"; };
		92CE800723C735C4004E4ED9 /* SceneDelegate.swift */ = {isa = PBXFileReference; lastKnownFileType = sourcecode.swift; path = SceneDelegate.swift; sourceTree = "<group>"; };
		92CE800C23C735C4004E4ED9 /* Base */ = {isa = PBXFileReference; lastKnownFileType = file.storyboard; name = Base; path = Base.lproj/Main.storyboard; sourceTree = "<group>"; };
		92CE800E23C735C5004E4ED9 /* Assets.xcassets */ = {isa = PBXFileReference; lastKnownFileType = folder.assetcatalog; path = Assets.xcassets; sourceTree = "<group>"; };
		92CE801123C735C5004E4ED9 /* Base */ = {isa = PBXFileReference; lastKnownFileType = file.storyboard; name = Base; path = Base.lproj/LaunchScreen.storyboard; sourceTree = "<group>"; };
		92CE801323C735C5004E4ED9 /* Info.plist */ = {isa = PBXFileReference; lastKnownFileType = text.plist.xml; path = Info.plist; sourceTree = "<group>"; };
		92CE801E23C73845004E4ED9 /* MainViewController.swift */ = {isa = PBXFileReference; lastKnownFileType = sourcecode.swift; path = MainViewController.swift; sourceTree = "<group>"; };
		92CE802023C73866004E4ED9 /* PresenterMain.swift */ = {isa = PBXFileReference; lastKnownFileType = sourcecode.swift; path = PresenterMain.swift; sourceTree = "<group>"; };
		92CE802523C73B91004E4ED9 /* NumberEntity.swift */ = {isa = PBXFileReference; lastKnownFileType = sourcecode.swift; path = NumberEntity.swift; sourceTree = "<group>"; };
		92CE802723C73CB6004E4ED9 /* BaseCell.swift */ = {isa = PBXFileReference; lastKnownFileType = sourcecode.swift; path = BaseCell.swift; sourceTree = "<group>"; };
		92CE802923C73D95004E4ED9 /* MainCell.swift */ = {isa = PBXFileReference; lastKnownFileType = sourcecode.swift; path = MainCell.swift; sourceTree = "<group>"; };
		92CE802A23C73D95004E4ED9 /* MainCell.xib */ = {isa = PBXFileReference; lastKnownFileType = file.xib; path = MainCell.xib; sourceTree = "<group>"; };
		92CE802D23C73DA1004E4ED9 /* AddCell.swift */ = {isa = PBXFileReference; lastKnownFileType = sourcecode.swift; path = AddCell.swift; sourceTree = "<group>"; };
		92CE802E23C73DA1004E4ED9 /* AddCell.xib */ = {isa = PBXFileReference; lastKnownFileType = file.xib; path = AddCell.xib; sourceTree = "<group>"; };
		92CE803123C74E23004E4ED9 /* BaseCellEntity.swift */ = {isa = PBXFileReference; lastKnownFileType = sourcecode.swift; path = BaseCellEntity.swift; sourceTree = "<group>"; };
		92EB292023CC58AB000CD7A8 /* RequestManager.swift */ = {isa = PBXFileReference; lastKnownFileType = sourcecode.swift; path = RequestManager.swift; sourceTree = "<group>"; };
/* End PBXFileReference section */

/* Begin PBXFrameworksBuildPhase section */
		92CE7FFF23C735C4004E4ED9 /* Frameworks */ = {
			isa = PBXFrameworksBuildPhase;
			buildActionMask = 2147483647;
			files = (
			);
			runOnlyForDeploymentPostprocessing = 0;
		};
/* End PBXFrameworksBuildPhase section */

/* Begin PBXGroup section */
		925E65C423CEEC630093792E /* WaitingRequestSubview */ = {
			isa = PBXGroup;
			children = (
				925E65C523CEEC860093792E /* WaitingSubview.swift */,
			);
			path = WaitingRequestSubview;
			sourceTree = "<group>";
		};
		92CE7FF923C735C3004E4ED9 = {
			isa = PBXGroup;
			children = (
				92CE800423C735C4004E4ED9 /* CollectionAppAndersen */,
				92CE800323C735C4004E4ED9 /* Products */,
			);
			sourceTree = "<group>";
		};
		92CE800323C735C4004E4ED9 /* Products */ = {
			isa = PBXGroup;
			children = (
				92CE800223C735C4004E4ED9 /* CollectionAppAndersen.app */,
			);
			name = Products;
			sourceTree = "<group>";
		};
		92CE800423C735C4004E4ED9 /* CollectionAppAndersen */ = {
			isa = PBXGroup;
			children = (
				925E65C423CEEC630093792E /* WaitingRequestSubview */,
				92EB291F23CC5643000CD7A8 /* Models */,
				92CE801C23C73800004E4ED9 /* Entities */,
				92CE801B23C737F8004E4ED9 /* Cells */,
				92CE801A23C737ED004E4ED9 /* Presenter */,
				92CE801923C737D9004E4ED9 /* Controllers */,
				92CE800523C735C4004E4ED9 /* AppDelegate.swift */,
				92CE800723C735C4004E4ED9 /* SceneDelegate.swift */,
				92CE800E23C735C5004E4ED9 /* Assets.xcassets */,
				92CE801023C735C5004E4ED9 /* LaunchScreen.storyboard */,
				92CE801323C735C5004E4ED9 /* Info.plist */,
			);
			path = CollectionAppAndersen;
			sourceTree = "<group>";
		};
		92CE801923C737D9004E4ED9 /* Controllers */ = {
			isa = PBXGroup;
			children = (
				92CE801E23C73845004E4ED9 /* MainViewController.swift */,
				92CE800B23C735C4004E4ED9 /* Main.storyboard */,
			);
			path = Controllers;
			sourceTree = "<group>";
		};
		92CE801A23C737ED004E4ED9 /* Presenter */ = {
			isa = PBXGroup;
			children = (
				92CE802023C73866004E4ED9 /* PresenterMain.swift */,
			);
			path = Presenter;
			sourceTree = "<group>";
		};
		92CE801B23C737F8004E4ED9 /* Cells */ = {
			isa = PBXGroup;
			children = (
				92CE802223C73872004E4ED9 /* BaseCell */,
				92CE802423C73AF7004E4ED9 /* MainCell */,
				92CE802323C7387A004E4ED9 /* AddCell */,
			);
			path = Cells;
			sourceTree = "<group>";
		};
		92CE801C23C73800004E4ED9 /* Entities */ = {
			isa = PBXGroup;
			children = (
				92CE802523C73B91004E4ED9 /* NumberEntity.swift */,
				92CE803123C74E23004E4ED9 /* BaseCellEntity.swift */,
				925E659823CDE7290093792E /* MainCellEntity.swift */,
				925E65C723CF2B040093792E /* AddCellEntity.swift */,
			);
			path = Entities;
			sourceTree = "<group>";
		};
		92CE802223C73872004E4ED9 /* BaseCell */ = {
			isa = PBXGroup;
			children = (
				92CE802723C73CB6004E4ED9 /* BaseCell.swift */,
			);
			path = BaseCell;
			sourceTree = "<group>";
		};
		92CE802323C7387A004E4ED9 /* AddCell */ = {
			isa = PBXGroup;
			children = (
				92CE802D23C73DA1004E4ED9 /* AddCell.swift */,
				92CE802E23C73DA1004E4ED9 /* AddCell.xib */,
			);
			path = AddCell;
			sourceTree = "<group>";
		};
		92CE802423C73AF7004E4ED9 /* MainCell */ = {
			isa = PBXGroup;
			children = (
				92CE802923C73D95004E4ED9 /* MainCell.swift */,
				92CE802A23C73D95004E4ED9 /* MainCell.xib */,
			);
			path = MainCell;
			sourceTree = "<group>";
		};
		92EB291F23CC5643000CD7A8 /* Models */ = {
			isa = PBXGroup;
			children = (
				92EB292023CC58AB000CD7A8 /* RequestManager.swift */,
			);
			path = Models;
			sourceTree = "<group>";
		};
/* End PBXGroup section */

/* Begin PBXNativeTarget section */
		92CE800123C735C4004E4ED9 /* CollectionAppAndersen */ = {
			isa = PBXNativeTarget;
			buildConfigurationList = 92CE801623C735C5004E4ED9 /* Build configuration list for PBXNativeTarget "CollectionAppAndersen" */;
			buildPhases = (
				92CE7FFE23C735C4004E4ED9 /* Sources */,
				92CE7FFF23C735C4004E4ED9 /* Frameworks */,
				92CE800023C735C4004E4ED9 /* Resources */,
			);
			buildRules = (
			);
			dependencies = (
			);
			name = CollectionAppAndersen;
			productName = CollectionAppAndersen;
			productReference = 92CE800223C735C4004E4ED9 /* CollectionAppAndersen.app */;
			productType = "com.apple.product-type.application";
		};
/* End PBXNativeTarget section */

/* Begin PBXProject section */
		92CE7FFA23C735C3004E4ED9 /* Project object */ = {
			isa = PBXProject;
			attributes = {
				LastSwiftUpdateCheck = 1120;
				LastUpgradeCheck = 1120;
				ORGANIZATIONNAME = "Вячеслав Савицкий";
				TargetAttributes = {
					92CE800123C735C4004E4ED9 = {
						CreatedOnToolsVersion = 11.2.1;
					};
				};
			};
			buildConfigurationList = 92CE7FFD23C735C3004E4ED9 /* Build configuration list for PBXProject "CollectionAppAndersen" */;
			compatibilityVersion = "Xcode 9.3";
			developmentRegion = en;
			hasScannedForEncodings = 0;
			knownRegions = (
				en,
				Base,
			);
			mainGroup = 92CE7FF923C735C3004E4ED9;
			productRefGroup = 92CE800323C735C4004E4ED9 /* Products */;
			projectDirPath = "";
			projectRoot = "";
			targets = (
				92CE800123C735C4004E4ED9 /* CollectionAppAndersen */,
			);
		};
/* End PBXProject section */

/* Begin PBXResourcesBuildPhase section */
		92CE800023C735C4004E4ED9 /* Resources */ = {
			isa = PBXResourcesBuildPhase;
			buildActionMask = 2147483647;
			files = (
				92CE801223C735C5004E4ED9 /* LaunchScreen.storyboard in Resources */,
				92CE800F23C735C5004E4ED9 /* Assets.xcassets in Resources */,
				92CE802C23C73D95004E4ED9 /* MainCell.xib in Resources */,
				92CE803023C73DA1004E4ED9 /* AddCell.xib in Resources */,
				92CE800D23C735C4004E4ED9 /* Main.storyboard in Resources */,
			);
			runOnlyForDeploymentPostprocessing = 0;
		};
/* End PBXResourcesBuildPhase section */

/* Begin PBXSourcesBuildPhase section */
		92CE7FFE23C735C4004E4ED9 /* Sources */ = {
			isa = PBXSourcesBuildPhase;
			buildActionMask = 2147483647;
			files = (
				92CE803223C74E23004E4ED9 /* BaseCellEntity.swift in Sources */,
				92CE801F23C73845004E4ED9 /* MainViewController.swift in Sources */,
				92CE802F23C73DA1004E4ED9 /* AddCell.swift in Sources */,
				92CE802B23C73D95004E4ED9 /* MainCell.swift in Sources */,
				92CE802623C73B91004E4ED9 /* NumberEntity.swift in Sources */,
				92CE800623C735C4004E4ED9 /* AppDelegate.swift in Sources */,
				925E659923CDE7290093792E /* MainCellEntity.swift in Sources */,
				925E65C623CEEC860093792E /* WaitingSubview.swift in Sources */,
				92EB292123CC58AB000CD7A8 /* RequestManager.swift in Sources */,
				92CE800823C735C4004E4ED9 /* SceneDelegate.swift in Sources */,
				925E65C823CF2B040093792E /* AddCellEntity.swift in Sources */,
				92CE802823C73CB6004E4ED9 /* BaseCell.swift in Sources */,
				92CE802123C73866004E4ED9 /* PresenterMain.swift in Sources */,
			);
			runOnlyForDeploymentPostprocessing = 0;
		};
/* End PBXSourcesBuildPhase section */

/* Begin PBXVariantGroup section */
		92CE800B23C735C4004E4ED9 /* Main.storyboard */ = {
			isa = PBXVariantGroup;
			children = (
				92CE800C23C735C4004E4ED9 /* Base */,
			);
			name = Main.storyboard;
			sourceTree = "<group>";
		};
		92CE801023C735C5004E4ED9 /* LaunchScreen.storyboard */ = {
			isa = PBXVariantGroup;
			children = (
				92CE801123C735C5004E4ED9 /* Base */,
			);
			name = LaunchScreen.storyboard;
			sourceTree = "<group>";
		};
/* End PBXVariantGroup section */

/* Begin XCBuildConfiguration section */
		92CE801423C735C5004E4ED9 /* Debug */ = {
			isa = XCBuildConfiguration;
			buildSettings = {
				ALWAYS_SEARCH_USER_PATHS = NO;
				CLANG_ANALYZER_NONNULL = YES;
				CLANG_ANALYZER_NUMBER_OBJECT_CONVERSION = YES_AGGRESSIVE;
				CLANG_CXX_LANGUAGE_STANDARD = "gnu++14";
				CLANG_CXX_LIBRARY = "libc++";
				CLANG_ENABLE_MODULES = YES;
				CLANG_ENABLE_OBJC_ARC = YES;
				CLANG_ENABLE_OBJC_WEAK = YES;
				CLANG_WARN_BLOCK_CAPTURE_AUTORELEASING = YES;
				CLANG_WARN_BOOL_CONVERSION = YES;
				CLANG_WARN_COMMA = YES;
				CLANG_WARN_CONSTANT_CONVERSION = YES;
				CLANG_WARN_DEPRECATED_OBJC_IMPLEMENTATIONS = YES;
				CLANG_WARN_DIRECT_OBJC_ISA_USAGE = YES_ERROR;
				CLANG_WARN_DOCUMENTATION_COMMENTS = YES;
				CLANG_WARN_EMPTY_BODY = YES;
				CLANG_WARN_ENUM_CONVERSION = YES;
				CLANG_WARN_INFINITE_RECURSION = YES;
				CLANG_WARN_INT_CONVERSION = YES;
				CLANG_WARN_NON_LITERAL_NULL_CONVERSION = YES;
				CLANG_WARN_OBJC_IMPLICIT_RETAIN_SELF = YES;
				CLANG_WARN_OBJC_LITERAL_CONVERSION = YES;
				CLANG_WARN_OBJC_ROOT_CLASS = YES_ERROR;
				CLANG_WARN_RANGE_LOOP_ANALYSIS = YES;
				CLANG_WARN_STRICT_PROTOTYPES = YES;
				CLANG_WARN_SUSPICIOUS_MOVE = YES;
				CLANG_WARN_UNGUARDED_AVAILABILITY = YES_AGGRESSIVE;
				CLANG_WARN_UNREACHABLE_CODE = YES;
				CLANG_WARN__DUPLICATE_METHOD_MATCH = YES;
				COPY_PHASE_STRIP = NO;
				DEBUG_INFORMATION_FORMAT = dwarf;
				ENABLE_STRICT_OBJC_MSGSEND = YES;
				ENABLE_TESTABILITY = YES;
				GCC_C_LANGUAGE_STANDARD = gnu11;
				GCC_DYNAMIC_NO_PIC = NO;
				GCC_NO_COMMON_BLOCKS = YES;
				GCC_OPTIMIZATION_LEVEL = 0;
				GCC_PREPROCESSOR_DEFINITIONS = (
					"DEBUG=1",
					"$(inherited)",
				);
				GCC_WARN_64_TO_32_BIT_CONVERSION = YES;
				GCC_WARN_ABOUT_RETURN_TYPE = YES_ERROR;
				GCC_WARN_UNDECLARED_SELECTOR = YES;
				GCC_WARN_UNINITIALIZED_AUTOS = YES_AGGRESSIVE;
				GCC_WARN_UNUSED_FUNCTION = YES;
				GCC_WARN_UNUSED_VARIABLE = YES;
				IPHONEOS_DEPLOYMENT_TARGET = 13.2;
				MTL_ENABLE_DEBUG_INFO = INCLUDE_SOURCE;
				MTL_FAST_MATH = YES;
				ONLY_ACTIVE_ARCH = YES;
				SDKROOT = iphoneos;
				SWIFT_ACTIVE_COMPILATION_CONDITIONS = DEBUG;
				SWIFT_OPTIMIZATION_LEVEL = "-Onone";
			};
			name = Debug;
		};
		92CE801523C735C5004E4ED9 /* Release */ = {
			isa = XCBuildConfiguration;
			buildSettings = {
				ALWAYS_SEARCH_USER_PATHS = NO;
				CLANG_ANALYZER_NONNULL = YES;
				CLANG_ANALYZER_NUMBER_OBJECT_CONVERSION = YES_AGGRESSIVE;
				CLANG_CXX_LANGUAGE_STANDARD = "gnu++14";
				CLANG_CXX_LIBRARY = "libc++";
				CLANG_ENABLE_MODULES = YES;
				CLANG_ENABLE_OBJC_ARC = YES;
				CLANG_ENABLE_OBJC_WEAK = YES;
				CLANG_WARN_BLOCK_CAPTURE_AUTORELEASING = YES;
				CLANG_WARN_BOOL_CONVERSION = YES;
				CLANG_WARN_COMMA = YES;
				CLANG_WARN_CONSTANT_CONVERSION = YES;
				CLANG_WARN_DEPRECATED_OBJC_IMPLEMENTATIONS = YES;
				CLANG_WARN_DIRECT_OBJC_ISA_USAGE = YES_ERROR;
				CLANG_WARN_DOCUMENTATION_COMMENTS = YES;
				CLANG_WARN_EMPTY_BODY = YES;
				CLANG_WARN_ENUM_CONVERSION = YES;
				CLANG_WARN_INFINITE_RECURSION = YES;
				CLANG_WARN_INT_CONVERSION = YES;
				CLANG_WARN_NON_LITERAL_NULL_CONVERSION = YES;
				CLANG_WARN_OBJC_IMPLICIT_RETAIN_SELF = YES;
				CLANG_WARN_OBJC_LITERAL_CONVERSION = YES;
				CLANG_WARN_OBJC_ROOT_CLASS = YES_ERROR;
				CLANG_WARN_RANGE_LOOP_ANALYSIS = YES;
				CLANG_WARN_STRICT_PROTOTYPES = YES;
				CLANG_WARN_SUSPICIOUS_MOVE = YES;
				CLANG_WARN_UNGUARDED_AVAILABILITY = YES_AGGRESSIVE;
				CLANG_WARN_UNREACHABLE_CODE = YES;
				CLANG_WARN__DUPLICATE_METHOD_MATCH = YES;
				COPY_PHASE_STRIP = NO;
				DEBUG_INFORMATION_FORMAT = "dwarf-with-dsym";
				ENABLE_NS_ASSERTIONS = NO;
				ENABLE_STRICT_OBJC_MSGSEND = YES;
				GCC_C_LANGUAGE_STANDARD = gnu11;
				GCC_NO_COMMON_BLOCKS = YES;
				GCC_WARN_64_TO_32_BIT_CONVERSION = YES;
				GCC_WARN_ABOUT_RETURN_TYPE = YES_ERROR;
				GCC_WARN_UNDECLARED_SELECTOR = YES;
				GCC_WARN_UNINITIALIZED_AUTOS = YES_AGGRESSIVE;
				GCC_WARN_UNUSED_FUNCTION = YES;
				GCC_WARN_UNUSED_VARIABLE = YES;
				IPHONEOS_DEPLOYMENT_TARGET = 13.2;
				MTL_ENABLE_DEBUG_INFO = NO;
				MTL_FAST_MATH = YES;
				SDKROOT = iphoneos;
				SWIFT_COMPILATION_MODE = wholemodule;
				SWIFT_OPTIMIZATION_LEVEL = "-O";
				VALIDATE_PRODUCT = YES;
			};
			name = Release;
		};
		92CE801723C735C5004E4ED9 /* Debug */ = {
			isa = XCBuildConfiguration;
			buildSettings = {
				ASSETCATALOG_COMPILER_APPICON_NAME = AppIcon;
				CODE_SIGN_STYLE = Automatic;
				DEVELOPMENT_TEAM = H9X3NJANTM;
				INFOPLIST_FILE = CollectionAppAndersen/Info.plist;
				LD_RUNPATH_SEARCH_PATHS = (
					"$(inherited)",
					"@executable_path/Frameworks",
				);
				PRODUCT_BUNDLE_IDENTIFIER = "Viacheslav-Savitsky.CollectionAppAndersen";
				PRODUCT_NAME = "$(TARGET_NAME)";
				SWIFT_VERSION = 5.0;
				TARGETED_DEVICE_FAMILY = "1,2";
			};
			name = Debug;
		};
		92CE801823C735C5004E4ED9 /* Release */ = {
			isa = XCBuildConfiguration;
			buildSettings = {
				ASSETCATALOG_COMPILER_APPICON_NAME = AppIcon;
				CODE_SIGN_STYLE = Automatic;
				DEVELOPMENT_TEAM = H9X3NJANTM;
				INFOPLIST_FILE = CollectionAppAndersen/Info.plist;
				LD_RUNPATH_SEARCH_PATHS = (
					"$(inherited)",
					"@executable_path/Frameworks",
				);
				PRODUCT_BUNDLE_IDENTIFIER = "Viacheslav-Savitsky.CollectionAppAndersen";
				PRODUCT_NAME = "$(TARGET_NAME)";
				SWIFT_VERSION = 5.0;
				TARGETED_DEVICE_FAMILY = "1,2";
			};
			name = Release;
		};
/* End XCBuildConfiguration section */

/* Begin XCConfigurationList section */
		92CE7FFD23C735C3004E4ED9 /* Build configuration list for PBXProject "CollectionAppAndersen" */ = {
			isa = XCConfigurationList;
			buildConfigurations = (
				92CE801423C735C5004E4ED9 /* Debug */,
				92CE801523C735C5004E4ED9 /* Release */,
			);
			defaultConfigurationIsVisible = 0;
			defaultConfigurationName = Release;
		};
		92CE801623C735C5004E4ED9 /* Build configuration list for PBXNativeTarget "CollectionAppAndersen" */ = {
			isa = XCConfigurationList;
			buildConfigurations = (
				92CE801723C735C5004E4ED9 /* Debug */,
				92CE801823C735C5004E4ED9 /* Release */,
			);
			defaultConfigurationIsVisible = 0;
			defaultConfigurationName = Release;
		};
/* End XCConfigurationList section */
	};
	rootObject = 92CE7FFA23C735C3004E4ED9 /* Project object */;
}
